
Microsoft Visual Studio Solution File, Format Version 12.00
# Visual Studio Version 17
VisualStudioVersion = 17.6.33723.286
MinimumVisualStudioVersion = 10.0.40219.1
Project("{FAE04EC0-301F-11D3-BF4B-00C04F79EFBC}") = "riftMAN", "riftMAN\riftMAN.csproj", "{BA12582F-9816-4D94-8A31-730F54DC1FD4}"
EndProject
Global
	GlobalSection(SolutionConfigurationPlatforms) = preSolution
		Debug|Any CPU = Debug|Any CPU
		Release|Any CPU = Release|Any CPU
	EndGlobalSection
	GlobalSection(ProjectConfigurationPlatforms) = postSolution
		{BA12582F-9816-4D94-8A31-730F54DC1FD4}.Debug|Any CPU.ActiveCfg = Debug|Any CPU
		{BA12582F-9816-4D94-8A31-730F54DC1FD4}.Debug|Any CPU.Build.0 = Debug|Any CPU
		{BA12582F-9816-4D94-8A31-730F54DC1FD4}.Release|Any CPU.ActiveCfg = Release|Any CPU
		{BA12582F-9816-4D94-8A31-730F54DC1FD4}.Release|Any CPU.Build.0 = Release|Any CPU
	EndGlobalSection
	GlobalSection(SolutionProperties) = preSolution
		HideSolutionNode = FALSE
	EndGlobalSection
	GlobalSection(ExtensibilityGlobals) = postSolution
		SolutionGuid = {17504574-CB92-4B71-B0A1-D4D6FADB88E4}
	EndGlobalSection
EndGlobal
